
Microsoft Visual Studio Solution File, Format Version 12.00
# Visual Studio 15
VisualStudioVersion = 15.0.28307.168
MinimumVisualStudioVersion = 10.0.40219.1
Project("{9A19103F-16F7-4668-BE54-9A1E7A4F7556}") = "Library", "Library\Library.csproj", "{535EF63C-EE1E-4679-8A56-AB0AE6F76AAE}"
EndProject
Project("{9A19103F-16F7-4668-BE54-9A1E7A4F7556}") = "LibraryData", "LibraryDate\LibraryData.csproj", "{E86F8D70-B77D-4390-8543-0B5B9C1A0C56}"
EndProject
Project("{FAE04EC0-301F-11D3-BF4B-00C04F79EFBC}") = "LibraryServices", "LibraryServices\LibraryServices.csproj", "{CE67490A-5DD5-425B-8A1C-D2182EB73246}"
EndProject
Global
	GlobalSection(SolutionConfigurationPlatforms) = preSolution
		Debug|Any CPU = Debug|Any CPU
		Release|Any CPU = Release|Any CPU
	EndGlobalSection
	GlobalSection(ProjectConfigurationPlatforms) = postSolution
		{535EF63C-EE1E-4679-8A56-AB0AE6F76AAE}.Debug|Any CPU.ActiveCfg = Debug|Any CPU
		{535EF63C-EE1E-4679-8A56-AB0AE6F76AAE}.Debug|Any CPU.Build.0 = Debug|Any CPU
		{535EF63C-EE1E-4679-8A56-AB0AE6F76AAE}.Release|Any CPU.ActiveCfg = Release|Any CPU
		{535EF63C-EE1E-4679-8A56-AB0AE6F76AAE}.Release|Any CPU.Build.0 = Release|Any CPU
		{E86F8D70-B77D-4390-8543-0B5B9C1A0C56}.Debug|Any CPU.ActiveCfg = Debug|Any CPU
		{E86F8D70-B77D-4390-8543-0B5B9C1A0C56}.Debug|Any CPU.Build.0 = Debug|Any CPU
		{E86F8D70-B77D-4390-8543-0B5B9C1A0C56}.Release|Any CPU.ActiveCfg = Release|Any CPU
		{E86F8D70-B77D-4390-8543-0B5B9C1A0C56}.Release|Any CPU.Build.0 = Release|Any CPU
		{CE67490A-5DD5-425B-8A1C-D2182EB73246}.Debug|Any CPU.ActiveCfg = Debug|Any CPU
		{CE67490A-5DD5-425B-8A1C-D2182EB73246}.Debug|Any CPU.Build.0 = Debug|Any CPU
		{CE67490A-5DD5-425B-8A1C-D2182EB73246}.Release|Any CPU.ActiveCfg = Release|Any CPU
		{CE67490A-5DD5-425B-8A1C-D2182EB73246}.Release|Any CPU.Build.0 = Release|Any CPU
	EndGlobalSection
	GlobalSection(SolutionProperties) = preSolution
		HideSolutionNode = FALSE
	EndGlobalSection
	GlobalSection(ExtensibilityGlobals) = postSolution
		SolutionGuid = {9AAC0439-BF3A-48BD-ACEB-93E3282B1A1D}
	EndGlobalSection
EndGlobal
